
Microsoft Visual Studio Solution File, Format Version 12.00
# Visual Studio Version 17
VisualStudioVersion = 17.1.32210.238
MinimumVisualStudioVersion = 10.0.40219.1
Project("{FAE04EC0-301F-11D3-BF4B-00C04F79EFBC}") = "OleMissChatbox", "OleMissChatbox\OleMissChatbox.csproj", "{B5722F48-07FE-4240-A8F0-C173A942254A}"
EndProject
Global
	GlobalSection(SolutionConfigurationPlatforms) = preSolution
		Debug|Any CPU = Debug|Any CPU
		Release|Any CPU = Release|Any CPU
	EndGlobalSection
	GlobalSection(ProjectConfigurationPlatforms) = postSolution
		{B5722F48-07FE-4240-A8F0-C173A942254A}.Debug|Any CPU.ActiveCfg = Debug|Any CPU
		{B5722F48-07FE-4240-A8F0-C173A942254A}.Debug|Any CPU.Build.0 = Debug|Any CPU
		{B5722F48-07FE-4240-A8F0-C173A942254A}.Release|Any CPU.ActiveCfg = Release|Any CPU
		{B5722F48-07FE-4240-A8F0-C173A942254A}.Release|Any CPU.Build.0 = Release|Any CPU
	EndGlobalSection
	GlobalSection(SolutionProperties) = preSolution
		HideSolutionNode = FALSE
	EndGlobalSection
	GlobalSection(ExtensibilityGlobals) = postSolution
		SolutionGuid = {67C30753-7E4B-448A-89B7-7744DA981891}
	EndGlobalSection
EndGlobal
